// !$*UTF8*$!
{
	archiveVersion = 1;
	classes = {
	};
	objectVersion = 50;
	objects = {

/* Begin PBXBuildFile section */
		A740036C235A998400BAA62E /* lkTest.cpp in Sources */ = {isa = PBXBuildFile; fileRef = A740036A235A998400BAA62E /* lkTest.cpp */; };
		A7400370235AA19700BAA62E /* DeleteChar.cpp in Sources */ = {isa = PBXBuildFile; fileRef = A740036E235AA19700BAA62E /* DeleteChar.cpp */; };
		A7400374235AB08E00BAA62E /* Test.cpp in Sources */ = {isa = PBXBuildFile; fileRef = A7400372235AB08E00BAA62E /* Test.cpp */; };
		A7400378235AB0FE00BAA62E /* Test02.cpp in Sources */ = {isa = PBXBuildFile; fileRef = A7400376235AB0FE00BAA62E /* Test02.cpp */; };
		A740037B235B27AE00BAA62E /* Location.cpp in Sources */ = {isa = PBXBuildFile; fileRef = A7400379235B27AE00BAA62E /* Location.cpp */; };
		A740037F235C190600BAA62E /* Complex.cpp in Sources */ = {isa = PBXBuildFile; fileRef = A740037D235C190600BAA62E /* Complex.cpp */; };
		A7400383235CA62000BAA62E /* MyArray.cpp in Sources */ = {isa = PBXBuildFile; fileRef = A7400381235CA62000BAA62E /* MyArray.cpp */; };
		A7400387235DFDFF00BAA62E /* Object.cpp in Sources */ = {isa = PBXBuildFile; fileRef = A7400385235DFDFF00BAA62E /* Object.cpp */; };
		A740038B235DFE1300BAA62E /* Parent.cpp in Sources */ = {isa = PBXBuildFile; fileRef = A7400389235DFE1300BAA62E /* Parent.cpp */; };
		A740038E235DFE1E00BAA62E /* Child.cpp in Sources */ = {isa = PBXBuildFile; fileRef = A740038C235DFE1E00BAA62E /* Child.cpp */; };
		A7400391235DFE2F00BAA62E /* ParentTwo.cpp in Sources */ = {isa = PBXBuildFile; fileRef = A740038F235DFE2F00BAA62E /* ParentTwo.cpp */; };
		A7400394235DFECE00BAA62E /* Toy.cpp in Sources */ = {isa = PBXBuildFile; fileRef = A7400392235DFECE00BAA62E /* Toy.cpp */; };
		A7400397235DFED700BAA62E /* Car.cpp in Sources */ = {isa = PBXBuildFile; fileRef = A7400395235DFED700BAA62E /* Car.cpp */; };
		A740039E237C575400BAA62E /* functionPointer.cpp in Sources */ = {isa = PBXBuildFile; fileRef = A740039C237C575400BAA62E /* functionPointer.cpp */; };
		A74003A1237D9BFD00BAA62E /* childOverrideParent.cpp in Sources */ = {isa = PBXBuildFile; fileRef = A740039F237D9BFD00BAA62E /* childOverrideParent.cpp */; };
		A74003A4237D9F6100BAA62E /* vptrExist.cpp in Sources */ = {isa = PBXBuildFile; fileRef = A74003A2237D9F6100BAA62E /* vptrExist.cpp */; };
		A74003A7237DA2A200BAA62E /* polymoInitFun.cpp in Sources */ = {isa = PBXBuildFile; fileRef = A74003A5237DA2A200BAA62E /* polymoInitFun.cpp */; };
		A7400439239014FD00BAA62E /* abstractInterface.cpp in Sources */ = {isa = PBXBuildFile; fileRef = A7400437239014FD00BAA62E /* abstractInterface.cpp */; };
		A740043C2390153600BAA62E /* abstractInterfaceB.cpp in Sources */ = {isa = PBXBuildFile; fileRef = A740043A2390153600BAA62E /* abstractInterfaceB.cpp */; };
		A740043F2390158700BAA62E /* extendAbstract.cpp in Sources */ = {isa = PBXBuildFile; fileRef = A740043D2390158700BAA62E /* extendAbstract.cpp */; };
		A78ED86F23489FC5001A8172 /* main.cpp in Sources */ = {isa = PBXBuildFile; fileRef = A78ED86E23489FC5001A8172 /* main.cpp */; };
		A78ED877234B7529001A8172 /* nameTest.cpp in Sources */ = {isa = PBXBuildFile; fileRef = A78ED875234B7529001A8172 /* nameTest.cpp */; };
		A78ED87A234CDFA3001A8172 /* circle.cpp in Sources */ = {isa = PBXBuildFile; fileRef = A78ED878234CDFA3001A8172 /* circle.cpp */; };
		A78ED87D234CDFE9001A8172 /* point.cpp in Sources */ = {isa = PBXBuildFile; fileRef = A78ED87B234CDFE9001A8172 /* point.cpp */; };
		A78ED880234E2D15001A8172 /* middleTest.cpp in Sources */ = {isa = PBXBuildFile; fileRef = A78ED87E234E2D15001A8172 /* middleTest.cpp */; };
		A78ED8842350C2B7001A8172 /* ReadFileTest.cpp in Sources */ = {isa = PBXBuildFile; fileRef = A78ED8822350C2B7001A8172 /* ReadFileTest.cpp */; };
		A79A62A72494C91000506FEE /* lee167.cpp in Sources */ = {isa = PBXBuildFile; fileRef = A79A62A52494C91000506FEE /* lee167.cpp */; };
		A7BCA037239FEB2300EAF4BE /* TemplateTest.cpp in Sources */ = {isa = PBXBuildFile; fileRef = A7BCA035239FEB2300EAF4BE /* TemplateTest.cpp */; };
/* End PBXBuildFile section */

/* Begin PBXCopyFilesBuildPhase section */
		A78ED86923489FC5001A8172 /* CopyFiles */ = {
			isa = PBXCopyFilesBuildPhase;
			buildActionMask = 2147483647;
			dstPath = /usr/share/man/man1/;
			dstSubfolderSpec = 0;
			files = (
			);
			runOnlyForDeploymentPostprocessing = 1;
		};
/* End PBXCopyFilesBuildPhase section */

/* Begin PBXFileReference section */
		A740036A235A998400BAA62E /* lkTest.cpp */ = {isa = PBXFileReference; lastKnownFileType = sourcecode.cpp.cpp; path = lkTest.cpp; sourceTree = "<group>"; };
		A740036B235A998400BAA62E /* lkTest.hpp */ = {isa = PBXFileReference; lastKnownFileType = sourcecode.cpp.h; path = lkTest.hpp; sourceTree = "<group>"; };
		A740036E235AA19700BAA62E /* DeleteChar.cpp */ = {isa = PBXFileReference; lastKnownFileType = sourcecode.cpp.cpp; path = DeleteChar.cpp; sourceTree = "<group>"; };
		A740036F235AA19700BAA62E /* DeleteChar.hpp */ = {isa = PBXFileReference; lastKnownFileType = sourcecode.cpp.h; path = DeleteChar.hpp; sourceTree = "<group>"; };
		A7400372235AB08E00BAA62E /* Test.cpp */ = {isa = PBXFileReference; lastKnownFileType = sourcecode.cpp.cpp; path = Test.cpp; sourceTree = "<group>"; };
		A7400373235AB08E00BAA62E /* Test.hpp */ = {isa = PBXFileReference; lastKnownFileType = sourcecode.cpp.h; path = Test.hpp; sourceTree = "<group>"; };
		A7400376235AB0FE00BAA62E /* Test02.cpp */ = {isa = PBXFileReference; lastKnownFileType = sourcecode.cpp.cpp; path = Test02.cpp; sourceTree = "<group>"; };
		A7400377235AB0FE00BAA62E /* Test02.hpp */ = {isa = PBXFileReference; lastKnownFileType = sourcecode.cpp.h; path = Test02.hpp; sourceTree = "<group>"; };
		A7400379235B27AE00BAA62E /* Location.cpp */ = {isa = PBXFileReference; lastKnownFileType = sourcecode.cpp.cpp; path = Location.cpp; sourceTree = "<group>"; };
		A740037A235B27AE00BAA62E /* Location.hpp */ = {isa = PBXFileReference; lastKnownFileType = sourcecode.cpp.h; path = Location.hpp; sourceTree = "<group>"; };
		A740037D235C190600BAA62E /* Complex.cpp */ = {isa = PBXFileReference; lastKnownFileType = sourcecode.cpp.cpp; path = Complex.cpp; sourceTree = "<group>"; };
		A740037E235C190600BAA62E /* Complex.hpp */ = {isa = PBXFileReference; lastKnownFileType = sourcecode.cpp.h; path = Complex.hpp; sourceTree = "<group>"; };
		A7400381235CA62000BAA62E /* MyArray.cpp */ = {isa = PBXFileReference; lastKnownFileType = sourcecode.cpp.cpp; path = MyArray.cpp; sourceTree = "<group>"; };
		A7400382235CA62000BAA62E /* MyArray.hpp */ = {isa = PBXFileReference; lastKnownFileType = sourcecode.cpp.h; path = MyArray.hpp; sourceTree = "<group>"; };
		A7400385235DFDFF00BAA62E /* Object.cpp */ = {isa = PBXFileReference; lastKnownFileType = sourcecode.cpp.cpp; path = Object.cpp; sourceTree = "<group>"; };
		A7400386235DFDFF00BAA62E /* Object.hpp */ = {isa = PBXFileReference; lastKnownFileType = sourcecode.cpp.h; path = Object.hpp; sourceTree = "<group>"; };
		A7400389235DFE1300BAA62E /* Parent.cpp */ = {isa = PBXFileReference; lastKnownFileType = sourcecode.cpp.cpp; path = Parent.cpp; sourceTree = "<group>"; };
		A740038A235DFE1300BAA62E /* Parent.hpp */ = {isa = PBXFileReference; lastKnownFileType = sourcecode.cpp.h; path = Parent.hpp; sourceTree = "<group>"; };
		A740038C235DFE1E00BAA62E /* Child.cpp */ = {isa = PBXFileReference; lastKnownFileType = sourcecode.cpp.cpp; path = Child.cpp; sourceTree = "<group>"; };
		A740038D235DFE1E00BAA62E /* Child.hpp */ = {isa = PBXFileReference; lastKnownFileType = sourcecode.cpp.h; path = Child.hpp; sourceTree = "<group>"; };
		A740038F235DFE2F00BAA62E /* ParentTwo.cpp */ = {isa = PBXFileReference; lastKnownFileType = sourcecode.cpp.cpp; path = ParentTwo.cpp; sourceTree = "<group>"; };
		A7400390235DFE2F00BAA62E /* ParentTwo.hpp */ = {isa = PBXFileReference; lastKnownFileType = sourcecode.cpp.h; path = ParentTwo.hpp; sourceTree = "<group>"; };
		A7400392235DFECE00BAA62E /* Toy.cpp */ = {isa = PBXFileReference; lastKnownFileType = sourcecode.cpp.cpp; path = Toy.cpp; sourceTree = "<group>"; };
		A7400393235DFECE00BAA62E /* Toy.hpp */ = {isa = PBXFileReference; lastKnownFileType = sourcecode.cpp.h; path = Toy.hpp; sourceTree = "<group>"; };
		A7400395235DFED700BAA62E /* Car.cpp */ = {isa = PBXFileReference; lastKnownFileType = sourcecode.cpp.cpp; path = Car.cpp; sourceTree = "<group>"; };
		A7400396235DFED700BAA62E /* Car.hpp */ = {isa = PBXFileReference; lastKnownFileType = sourcecode.cpp.h; path = Car.hpp; sourceTree = "<group>"; };
		A740039C237C575400BAA62E /* functionPointer.cpp */ = {isa = PBXFileReference; lastKnownFileType = sourcecode.cpp.cpp; path = functionPointer.cpp; sourceTree = "<group>"; };
		A740039D237C575400BAA62E /* functionPointer.hpp */ = {isa = PBXFileReference; lastKnownFileType = sourcecode.cpp.h; path = functionPointer.hpp; sourceTree = "<group>"; };
		A740039F237D9BFD00BAA62E /* childOverrideParent.cpp */ = {isa = PBXFileReference; lastKnownFileType = sourcecode.cpp.cpp; path = childOverrideParent.cpp; sourceTree = "<group>"; };
		A74003A0237D9BFD00BAA62E /* childOverrideParent.hpp */ = {isa = PBXFileReference; lastKnownFileType = sourcecode.cpp.h; path = childOverrideParent.hpp; sourceTree = "<group>"; };
		A74003A2237D9F6100BAA62E /* vptrExist.cpp */ = {isa = PBXFileReference; lastKnownFileType = sourcecode.cpp.cpp; path = vptrExist.cpp; sourceTree = "<group>"; };
		A74003A3237D9F6100BAA62E /* vptrExist.hpp */ = {isa = PBXFileReference; lastKnownFileType = sourcecode.cpp.h; path = vptrExist.hpp; sourceTree = "<group>"; };
		A74003A5237DA2A200BAA62E /* polymoInitFun.cpp */ = {isa = PBXFileReference; lastKnownFileType = sourcecode.cpp.cpp; path = polymoInitFun.cpp; sourceTree = "<group>"; };
		A74003A6237DA2A200BAA62E /* polymoInitFun.hpp */ = {isa = PBXFileReference; lastKnownFileType = sourcecode.cpp.h; path = polymoInitFun.hpp; sourceTree = "<group>"; };
		A7400437239014FD00BAA62E /* abstractInterface.cpp */ = {isa = PBXFileReference; lastKnownFileType = sourcecode.cpp.cpp; path = abstractInterface.cpp; sourceTree = "<group>"; };
		A7400438239014FD00BAA62E /* abstractInterface.hpp */ = {isa = PBXFileReference; lastKnownFileType = sourcecode.cpp.h; path = abstractInterface.hpp; sourceTree = "<group>"; };
		A740043A2390153600BAA62E /* abstractInterfaceB.cpp */ = {isa = PBXFileReference; lastKnownFileType = sourcecode.cpp.cpp; path = abstractInterfaceB.cpp; sourceTree = "<group>"; };
		A740043B2390153600BAA62E /* abstractInterfaceB.hpp */ = {isa = PBXFileReference; lastKnownFileType = sourcecode.cpp.h; path = abstractInterfaceB.hpp; sourceTree = "<group>"; };
		A740043D2390158700BAA62E /* extendAbstract.cpp */ = {isa = PBXFileReference; lastKnownFileType = sourcecode.cpp.cpp; path = extendAbstract.cpp; sourceTree = "<group>"; };
		A740043E2390158700BAA62E /* extendAbstract.hpp */ = {isa = PBXFileReference; lastKnownFileType = sourcecode.cpp.h; path = extendAbstract.hpp; sourceTree = "<group>"; };
		A78ED86B23489FC5001A8172 /* MyCplusTest */ = {isa = PBXFileReference; explicitFileType = "compiled.mach-o.executable"; includeInIndex = 0; path = MyCplusTest; sourceTree = BUILT_PRODUCTS_DIR; };
		A78ED86E23489FC5001A8172 /* main.cpp */ = {isa = PBXFileReference; lastKnownFileType = sourcecode.cpp.cpp; path = main.cpp; sourceTree = "<group>"; };
		A78ED875234B7529001A8172 /* nameTest.cpp */ = {isa = PBXFileReference; lastKnownFileType = sourcecode.cpp.cpp; path = nameTest.cpp; sourceTree = "<group>"; };
		A78ED876234B7529001A8172 /* nameTest.hpp */ = {isa = PBXFileReference; lastKnownFileType = sourcecode.cpp.h; path = nameTest.hpp; sourceTree = "<group>"; };
		A78ED878234CDFA3001A8172 /* circle.cpp */ = {isa = PBXFileReference; lastKnownFileType = sourcecode.cpp.cpp; path = circle.cpp; sourceTree = "<group>"; };
		A78ED879234CDFA3001A8172 /* circle.hpp */ = {isa = PBXFileReference; lastKnownFileType = sourcecode.cpp.h; path = circle.hpp; sourceTree = "<group>"; };
		A78ED87B234CDFE9001A8172 /* point.cpp */ = {isa = PBXFileReference; lastKnownFileType = sourcecode.cpp.cpp; path = point.cpp; sourceTree = "<group>"; };
		A78ED87C234CDFE9001A8172 /* point.hpp */ = {isa = PBXFileReference; lastKnownFileType = sourcecode.cpp.h; path = point.hpp; sourceTree = "<group>"; };
		A78ED87E234E2D15001A8172 /* middleTest.cpp */ = {isa = PBXFileReference; lastKnownFileType = sourcecode.cpp.cpp; path = middleTest.cpp; sourceTree = "<group>"; };
		A78ED87F234E2D15001A8172 /* middleTest.hpp */ = {isa = PBXFileReference; lastKnownFileType = sourcecode.cpp.h; path = middleTest.hpp; sourceTree = "<group>"; };
		A78ED8822350C2B7001A8172 /* ReadFileTest.cpp */ = {isa = PBXFileReference; lastKnownFileType = sourcecode.cpp.cpp; path = ReadFileTest.cpp; sourceTree = "<group>"; };
		A78ED8832350C2B7001A8172 /* ReadFileTest.hpp */ = {isa = PBXFileReference; lastKnownFileType = sourcecode.cpp.h; path = ReadFileTest.hpp; sourceTree = "<group>"; };
		A79A62A52494C91000506FEE /* lee167.cpp */ = {isa = PBXFileReference; lastKnownFileType = sourcecode.cpp.cpp; path = lee167.cpp; sourceTree = "<group>"; };
		A79A62A62494C91000506FEE /* lee167.hpp */ = {isa = PBXFileReference; lastKnownFileType = sourcecode.cpp.h; path = lee167.hpp; sourceTree = "<group>"; };
		A7BCA035239FEB2300EAF4BE /* TemplateTest.cpp */ = {isa = PBXFileReference; lastKnownFileType = sourcecode.cpp.cpp; path = TemplateTest.cpp; sourceTree = "<group>"; };
		A7BCA036239FEB2300EAF4BE /* TemplateTest.hpp */ = {isa = PBXFileReference; lastKnownFileType = sourcecode.cpp.h; path = TemplateTest.hpp; sourceTree = "<group>"; };
/* End PBXFileReference section */

/* Begin PBXFrameworksBuildPhase section */
		A78ED86823489FC5001A8172 /* Frameworks */ = {
			isa = PBXFrameworksBuildPhase;
			buildActionMask = 2147483647;
			files = (
			);
			runOnlyForDeploymentPostprocessing = 0;
		};
/* End PBXFrameworksBuildPhase section */

/* Begin PBXGroup section */
		A7400369235A996000BAA62E /* LinkTest */ = {
			isa = PBXGroup;
			children = (
				A740036A235A998400BAA62E /* lkTest.cpp */,
				A740036B235A998400BAA62E /* lkTest.hpp */,
			);
			path = LinkTest;
			sourceTree = "<group>";
		};
		A740036D235AA18100BAA62E /* DeleteChar */ = {
			isa = PBXGroup;
			children = (
				A740036E235AA19700BAA62E /* DeleteChar.cpp */,
				A740036F235AA19700BAA62E /* DeleteChar.hpp */,
			);
			path = DeleteChar;
			sourceTree = "<group>";
		};
		A7400371235AB07500BAA62E /* newDelloc */ = {
			isa = PBXGroup;
			children = (
				A7400372235AB08E00BAA62E /* Test.cpp */,
				A7400373235AB08E00BAA62E /* Test.hpp */,
				A7400376235AB0FE00BAA62E /* Test02.cpp */,
				A7400377235AB0FE00BAA62E /* Test02.hpp */,
				A7400379235B27AE00BAA62E /* Location.cpp */,
				A740037A235B27AE00BAA62E /* Location.hpp */,
			);
			path = newDelloc;
			sourceTree = "<group>";
		};
		A740037C235C18CD00BAA62E /* operator */ = {
			isa = PBXGroup;
			children = (
				A740037D235C190600BAA62E /* Complex.cpp */,
				A740037E235C190600BAA62E /* Complex.hpp */,
				A7400381235CA62000BAA62E /* MyArray.cpp */,
				A7400382235CA62000BAA62E /* MyArray.hpp */,
			);
			path = operator;
			sourceTree = "<group>";
		};
		A7400384235DFDCE00BAA62E /* inherit */ = {
			isa = PBXGroup;
			children = (
				A7400386235DFDFF00BAA62E /* Object.hpp */,
				A7400385235DFDFF00BAA62E /* Object.cpp */,
				A740038A235DFE1300BAA62E /* Parent.hpp */,
				A7400389235DFE1300BAA62E /* Parent.cpp */,
				A7400390235DFE2F00BAA62E /* ParentTwo.hpp */,
				A740038F235DFE2F00BAA62E /* ParentTwo.cpp */,
				A740038D235DFE1E00BAA62E /* Child.hpp */,
				A740038C235DFE1E00BAA62E /* Child.cpp */,
				A7400396235DFED700BAA62E /* Car.hpp */,
				A7400395235DFED700BAA62E /* Car.cpp */,
				A7400393235DFECE00BAA62E /* Toy.hpp */,
				A7400392235DFECE00BAA62E /* Toy.cpp */,
			);
			path = inherit;
			sourceTree = "<group>";
		};
		A74003982379AC6800BAA62E /* polymorphism */ = {
			isa = PBXGroup;
			children = (
				A740039C237C575400BAA62E /* functionPointer.cpp */,
				A740039D237C575400BAA62E /* functionPointer.hpp */,
				A740039F237D9BFD00BAA62E /* childOverrideParent.cpp */,
				A74003A0237D9BFD00BAA62E /* childOverrideParent.hpp */,
				A74003A2237D9F6100BAA62E /* vptrExist.cpp */,
				A74003A3237D9F6100BAA62E /* vptrExist.hpp */,
				A74003A5237DA2A200BAA62E /* polymoInitFun.cpp */,
				A74003A6237DA2A200BAA62E /* polymoInitFun.hpp */,
				A7400437239014FD00BAA62E /* abstractInterface.cpp */,
				A7400438239014FD00BAA62E /* abstractInterface.hpp */,
				A740043A2390153600BAA62E /* abstractInterfaceB.cpp */,
				A740043B2390153600BAA62E /* abstractInterfaceB.hpp */,
				A740043D2390158700BAA62E /* extendAbstract.cpp */,
				A740043E2390158700BAA62E /* extendAbstract.hpp */,
			);
			path = polymorphism;
			sourceTree = "<group>";
		};
		A78ED86223489FC5001A8172 = {
			isa = PBXGroup;
			children = (
				A78ED86D23489FC5001A8172 /* MyCplusTest */,
				A78ED86C23489FC5001A8172 /* Products */,
			);
			sourceTree = "<group>";
		};
		A78ED86C23489FC5001A8172 /* Products */ = {
			isa = PBXGroup;
			children = (
				A78ED86B23489FC5001A8172 /* MyCplusTest */,
			);
			name = Products;
			sourceTree = "<group>";
		};
		A78ED86D23489FC5001A8172 /* MyCplusTest */ = {
			isa = PBXGroup;
			children = (
				A79A629E2494C88700506FEE /* leetcode */,
				A7BCA034239FEB0000EAF4BE /* Template */,
				A74003982379AC6800BAA62E /* polymorphism */,
				A7400384235DFDCE00BAA62E /* inherit */,
				A740037C235C18CD00BAA62E /* operator */,
				A7400371235AB07500BAA62E /* newDelloc */,
				A740036D235AA18100BAA62E /* DeleteChar */,
				A7400369235A996000BAA62E /* LinkTest */,
				A78ED8812350C2A6001A8172 /* ReadFile */,
				A78ED86E23489FC5001A8172 /* main.cpp */,
				A78ED876234B7529001A8172 /* nameTest.hpp */,
				A78ED875234B7529001A8172 /* nameTest.cpp */,
				A78ED878234CDFA3001A8172 /* circle.cpp */,
				A78ED879234CDFA3001A8172 /* circle.hpp */,
				A78ED87B234CDFE9001A8172 /* point.cpp */,
				A78ED87C234CDFE9001A8172 /* point.hpp */,
				A78ED87E234E2D15001A8172 /* middleTest.cpp */,
				A78ED87F234E2D15001A8172 /* middleTest.hpp */,
			);
			path = MyCplusTest;
			sourceTree = "<group>";
		};
		A78ED8812350C2A6001A8172 /* ReadFile */ = {
			isa = PBXGroup;
			children = (
				A78ED8822350C2B7001A8172 /* ReadFileTest.cpp */,
				A78ED8832350C2B7001A8172 /* ReadFileTest.hpp */,
			);
			path = ReadFile;
			sourceTree = "<group>";
		};
		A79A629E2494C88700506FEE /* leetcode */ = {
			isa = PBXGroup;
			children = (
				A79A62A52494C91000506FEE /* lee167.cpp */,
				A79A62A62494C91000506FEE /* lee167.hpp */,
			);
			path = leetcode;
			sourceTree = "<group>";
		};
		A7BCA034239FEB0000EAF4BE /* Template */ = {
			isa = PBXGroup;
			children = (
				A7BCA035239FEB2300EAF4BE /* TemplateTest.cpp */,
				A7BCA036239FEB2300EAF4BE /* TemplateTest.hpp */,
			);
			path = Template;
			sourceTree = "<group>";
		};
/* End PBXGroup section */

/* Begin PBXNativeTarget section */
		A78ED86A23489FC5001A8172 /* MyCplusTest */ = {
			isa = PBXNativeTarget;
			buildConfigurationList = A78ED87223489FC5001A8172 /* Build configuration list for PBXNativeTarget "MyCplusTest" */;
			buildPhases = (
				A78ED86723489FC5001A8172 /* Sources */,
				A78ED86823489FC5001A8172 /* Frameworks */,
				A78ED86923489FC5001A8172 /* CopyFiles */,
			);
			buildRules = (
			);
			dependencies = (
			);
			name = MyCplusTest;
			productName = MyCplusTest;
			productReference = A78ED86B23489FC5001A8172 /* MyCplusTest */;
			productType = "com.apple.product-type.tool";
		};
/* End PBXNativeTarget section */

/* Begin PBXProject section */
		A78ED86323489FC5001A8172 /* Project object */ = {
			isa = PBXProject;
			attributes = {
				LastUpgradeCheck = 1030;
				ORGANIZATIONNAME = fanyin;
				TargetAttributes = {
					A78ED86A23489FC5001A8172 = {
						CreatedOnToolsVersion = 10.3;
					};
				};
			};
			buildConfigurationList = A78ED86623489FC5001A8172 /* Build configuration list for PBXProject "MyCplusTest" */;
			compatibilityVersion = "Xcode 9.3";
			developmentRegion = en;
			hasScannedForEncodings = 0;
			knownRegions = (
				en,
			);
			mainGroup = A78ED86223489FC5001A8172;
			productRefGroup = A78ED86C23489FC5001A8172 /* Products */;
			projectDirPath = "";
			projectRoot = "";
			targets = (
				A78ED86A23489FC5001A8172 /* MyCplusTest */,
			);
		};
/* End PBXProject section */

/* Begin PBXSourcesBuildPhase section */
		A78ED86723489FC5001A8172 /* Sources */ = {
			isa = PBXSourcesBuildPhase;
			buildActionMask = 2147483647;
			files = (
				A7400394235DFECE00BAA62E /* Toy.cpp in Sources */,
				A7400391235DFE2F00BAA62E /* ParentTwo.cpp in Sources */,
				A740037F235C190600BAA62E /* Complex.cpp in Sources */,
				A7400374235AB08E00BAA62E /* Test.cpp in Sources */,
				A7400370235AA19700BAA62E /* DeleteChar.cpp in Sources */,
				A78ED87D234CDFE9001A8172 /* point.cpp in Sources */,
				A7400387235DFDFF00BAA62E /* Object.cpp in Sources */,
				A79A62A72494C91000506FEE /* lee167.cpp in Sources */,
				A78ED880234E2D15001A8172 /* middleTest.cpp in Sources */,
				A78ED87A234CDFA3001A8172 /* circle.cpp in Sources */,
				A740037B235B27AE00BAA62E /* Location.cpp in Sources */,
				A740038B235DFE1300BAA62E /* Parent.cpp in Sources */,
				A78ED877234B7529001A8172 /* nameTest.cpp in Sources */,
				A7BCA037239FEB2300EAF4BE /* TemplateTest.cpp in Sources */,
				A78ED86F23489FC5001A8172 /* main.cpp in Sources */,
				A7400378235AB0FE00BAA62E /* Test02.cpp in Sources */,
				A78ED8842350C2B7001A8172 /* ReadFileTest.cpp in Sources */,
				A7400397235DFED700BAA62E /* Car.cpp in Sources */,
				A740036C235A998400BAA62E /* lkTest.cpp in Sources */,
				A740038E235DFE1E00BAA62E /* Child.cpp in Sources */,
				A74003A7237DA2A200BAA62E /* polymoInitFun.cpp in Sources */,
				A740043C2390153600BAA62E /* abstractInterfaceB.cpp in Sources */,
				A7400439239014FD00BAA62E /* abstractInterface.cpp in Sources */,
				A7400383235CA62000BAA62E /* MyArray.cpp in Sources */,
				A740039E237C575400BAA62E /* functionPointer.cpp in Sources */,
				A740043F2390158700BAA62E /* extendAbstract.cpp in Sources */,
				A74003A1237D9BFD00BAA62E /* childOverrideParent.cpp in Sources */,
				A74003A4237D9F6100BAA62E /* vptrExist.cpp in Sources */,
			);
			runOnlyForDeploymentPostprocessing = 0;
		};
/* End PBXSourcesBuildPhase section */

/* Begin XCBuildConfiguration section */
		A78ED87023489FC5001A8172 /* Debug */ = {
			isa = XCBuildConfiguration;
			buildSettings = {
				ALWAYS_SEARCH_USER_PATHS = NO;
				CLANG_ANALYZER_NONNULL = YES;
				CLANG_ANALYZER_NUMBER_OBJECT_CONVERSION = YES_AGGRESSIVE;
				CLANG_CXX_LANGUAGE_STANDARD = "gnu++14";
				CLANG_CXX_LIBRARY = "libc++";
				CLANG_ENABLE_MODULES = YES;
				CLANG_ENABLE_OBJC_ARC = YES;
				CLANG_ENABLE_OBJC_WEAK = YES;
				CLANG_WARN_BLOCK_CAPTURE_AUTORELEASING = YES;
				CLANG_WARN_BOOL_CONVERSION = YES;
				CLANG_WARN_COMMA = YES;
				CLANG_WARN_CONSTANT_CONVERSION = YES;
				CLANG_WARN_DEPRECATED_OBJC_IMPLEMENTATIONS = YES;
				CLANG_WARN_DIRECT_OBJC_ISA_USAGE = YES_ERROR;
				CLANG_WARN_DOCUMENTATION_COMMENTS = YES;
				CLANG_WARN_EMPTY_BODY = YES;
				CLANG_WARN_ENUM_CONVERSION = YES;
				CLANG_WARN_INFINITE_RECURSION = YES;
				CLANG_WARN_INT_CONVERSION = YES;
				CLANG_WARN_NON_LITERAL_NULL_CONVERSION = YES;
				CLANG_WARN_OBJC_IMPLICIT_RETAIN_SELF = YES;
				CLANG_WARN_OBJC_LITERAL_CONVERSION = YES;
				CLANG_WARN_OBJC_ROOT_CLASS = YES_ERROR;
				CLANG_WARN_RANGE_LOOP_ANALYSIS = YES;
				CLANG_WARN_STRICT_PROTOTYPES = YES;
				CLANG_WARN_SUSPICIOUS_MOVE = YES;
				CLANG_WARN_UNGUARDED_AVAILABILITY = YES_AGGRESSIVE;
				CLANG_WARN_UNREACHABLE_CODE = YES;
				CLANG_WARN__DUPLICATE_METHOD_MATCH = YES;
				CODE_SIGN_IDENTITY = "-";
				COPY_PHASE_STRIP = NO;
				DEBUG_INFORMATION_FORMAT = dwarf;
				ENABLE_STRICT_OBJC_MSGSEND = YES;
				ENABLE_TESTABILITY = YES;
				GCC_C_LANGUAGE_STANDARD = gnu11;
				GCC_DYNAMIC_NO_PIC = NO;
				GCC_NO_COMMON_BLOCKS = YES;
				GCC_OPTIMIZATION_LEVEL = 0;
				GCC_PREPROCESSOR_DEFINITIONS = (
					"DEBUG=1",
					"$(inherited)",
				);
				GCC_WARN_64_TO_32_BIT_CONVERSION = YES;
				GCC_WARN_ABOUT_RETURN_TYPE = YES_ERROR;
				GCC_WARN_UNDECLARED_SELECTOR = YES;
				GCC_WARN_UNINITIALIZED_AUTOS = YES_AGGRESSIVE;
				GCC_WARN_UNUSED_FUNCTION = YES;
				GCC_WARN_UNUSED_VARIABLE = YES;
				MACOSX_DEPLOYMENT_TARGET = 10.14;
				MTL_ENABLE_DEBUG_INFO = INCLUDE_SOURCE;
				MTL_FAST_MATH = YES;
				ONLY_ACTIVE_ARCH = YES;
				SDKROOT = macosx;
			};
			name = Debug;
		};
		A78ED87123489FC5001A8172 /* Release */ = {
			isa = XCBuildConfiguration;
			buildSettings = {
				ALWAYS_SEARCH_USER_PATHS = NO;
				CLANG_ANALYZER_NONNULL = YES;
				CLANG_ANALYZER_NUMBER_OBJECT_CONVERSION = YES_AGGRESSIVE;
				CLANG_CXX_LANGUAGE_STANDARD = "gnu++14";
				CLANG_CXX_LIBRARY = "libc++";
				CLANG_ENABLE_MODULES = YES;
				CLANG_ENABLE_OBJC_ARC = YES;
				CLANG_ENABLE_OBJC_WEAK = YES;
				CLANG_WARN_BLOCK_CAPTURE_AUTORELEASING = YES;
				CLANG_WARN_BOOL_CONVERSION = YES;
				CLANG_WARN_COMMA = YES;
				CLANG_WARN_CONSTANT_CONVERSION = YES;
				CLANG_WARN_DEPRECATED_OBJC_IMPLEMENTATIONS = YES;
				CLANG_WARN_DIRECT_OBJC_ISA_USAGE = YES_ERROR;
				CLANG_WARN_DOCUMENTATION_COMMENTS = YES;
				CLANG_WARN_EMPTY_BODY = YES;
				CLANG_WARN_ENUM_CONVERSION = YES;
				CLANG_WARN_INFINITE_RECURSION = YES;
				CLANG_WARN_INT_CONVERSION = YES;
				CLANG_WARN_NON_LITERAL_NULL_CONVERSION = YES;
				CLANG_WARN_OBJC_IMPLICIT_RETAIN_SELF = YES;
				CLANG_WARN_OBJC_LITERAL_CONVERSION = YES;
				CLANG_WARN_OBJC_ROOT_CLASS = YES_ERROR;
				CLANG_WARN_RANGE_LOOP_ANALYSIS = YES;
				CLANG_WARN_STRICT_PROTOTYPES = YES;
				CLANG_WARN_SUSPICIOUS_MOVE = YES;
				CLANG_WARN_UNGUARDED_AVAILABILITY = YES_AGGRESSIVE;
				CLANG_WARN_UNREACHABLE_CODE = YES;
				CLANG_WARN__DUPLICATE_METHOD_MATCH = YES;
				CODE_SIGN_IDENTITY = "-";
				COPY_PHASE_STRIP = NO;
				DEBUG_INFORMATION_FORMAT = "dwarf-with-dsym";
				ENABLE_NS_ASSERTIONS = NO;
				ENABLE_STRICT_OBJC_MSGSEND = YES;
				GCC_C_LANGUAGE_STANDARD = gnu11;
				GCC_NO_COMMON_BLOCKS = YES;
				GCC_WARN_64_TO_32_BIT_CONVERSION = YES;
				GCC_WARN_ABOUT_RETURN_TYPE = YES_ERROR;
				GCC_WARN_UNDECLARED_SELECTOR = YES;
				GCC_WARN_UNINITIALIZED_AUTOS = YES_AGGRESSIVE;
				GCC_WARN_UNUSED_FUNCTION = YES;
				GCC_WARN_UNUSED_VARIABLE = YES;
				MACOSX_DEPLOYMENT_TARGET = 10.14;
				MTL_ENABLE_DEBUG_INFO = NO;
				MTL_FAST_MATH = YES;
				SDKROOT = macosx;
			};
			name = Release;
		};
		A78ED87323489FC5001A8172 /* Debug */ = {
			isa = XCBuildConfiguration;
			buildSettings = {
				CODE_SIGN_STYLE = Automatic;
				PRODUCT_NAME = "$(TARGET_NAME)";
			};
			name = Debug;
		};
		A78ED87423489FC5001A8172 /* Release */ = {
			isa = XCBuildConfiguration;
			buildSettings = {
				CODE_SIGN_STYLE = Automatic;
				PRODUCT_NAME = "$(TARGET_NAME)";
			};
			name = Release;
		};
/* End XCBuildConfiguration section */

/* Begin XCConfigurationList section */
		A78ED86623489FC5001A8172 /* Build configuration list for PBXProject "MyCplusTest" */ = {
			isa = XCConfigurationList;
			buildConfigurations = (
				A78ED87023489FC5001A8172 /* Debug */,
				A78ED87123489FC5001A8172 /* Release */,
			);
			defaultConfigurationIsVisible = 0;
			defaultConfigurationName = Release;
		};
		A78ED87223489FC5001A8172 /* Build configuration list for PBXNativeTarget "MyCplusTest" */ = {
			isa = XCConfigurationList;
			buildConfigurations = (
				A78ED87323489FC5001A8172 /* Debug */,
				A78ED87423489FC5001A8172 /* Release */,
			);
			defaultConfigurationIsVisible = 0;
			defaultConfigurationName = Release;
		};
/* End XCConfigurationList section */
	};
	rootObject = A78ED86323489FC5001A8172 /* Project object */;
}
